
Microsoft Visual Studio Solution File, Format Version 12.00
# Visual Studio 15
VisualStudioVersion = 15.0.27130.2010
MinimumVisualStudioVersion = 10.0.40219.1
Project("{888888A0-9F3D-457C-B088-3A5042F75D52}") = "pi", "pi.pyproj", "{8615DBB9-04BB-410F-9679-DD5A8B089701}"
EndProject
Global
	GlobalSection(SolutionConfigurationPlatforms) = preSolution
		Debug|Any CPU = Debug|Any CPU
		Release|Any CPU = Release|Any CPU
	EndGlobalSection
	GlobalSection(ProjectConfigurationPlatforms) = postSolution
		{8615DBB9-04BB-410F-9679-DD5A8B089701}.Debug|Any CPU.ActiveCfg = Debug|Any CPU
		{8615DBB9-04BB-410F-9679-DD5A8B089701}.Release|Any CPU.ActiveCfg = Release|Any CPU
	EndGlobalSection
	GlobalSection(SolutionProperties) = preSolution
		HideSolutionNode = FALSE
	EndGlobalSection
	GlobalSection(ExtensibilityGlobals) = postSolution
		SolutionGuid = {563FE266-00A6-4E03-82D7-EA0DC0528DE5}
	EndGlobalSection
EndGlobal
